// !$*UTF8*$!
{
	archiveVersion = 1;
	classes = {
	};
	objectVersion = 46;
	objects = {

/* Begin PBXBuildFile section */
		3E3DA766195C911B0061D401 /* sampleData.json in Resources */ = {isa = PBXBuildFile; fileRef = 3E3DA765195C911B0061D401 /* sampleData.json */; };
		3EB3EBDD19600EA10026720B /* HomeComponent.swift in Sources */ = {isa = PBXBuildFile; fileRef = 3EB3EBDC19600EA10026720B /* HomeComponent.swift */; };
		3ED44912195A921E002E4C0B /* ZProduct.swift in Sources */ = {isa = PBXBuildFile; fileRef = 3ED44911195A921E002E4C0B /* ZProduct.swift */; };
		4C2EC43C1959A569002A7CF7 /* ViewController.swift in Sources */ = {isa = PBXBuildFile; fileRef = 4C2EC43B1959A569002A7CF7 /* ViewController.swift */; };
		4C2EC43E1959A56F002A7CF7 /* AppDelegate.swift in Sources */ = {isa = PBXBuildFile; fileRef = 4C2EC43D1959A56F002A7CF7 /* AppDelegate.swift */; };
		4C2EC4531959A616002A7CF7 /* AFHTTPRequestOperation.m in Sources */ = {isa = PBXBuildFile; fileRef = 4C2EC4411959A616002A7CF7 /* AFHTTPRequestOperation.m */; };
		4C2EC4541959A616002A7CF7 /* AFHTTPRequestOperationManager.m in Sources */ = {isa = PBXBuildFile; fileRef = 4C2EC4431959A616002A7CF7 /* AFHTTPRequestOperationManager.m */; };
		4C2EC4551959A616002A7CF7 /* AFHTTPSessionManager.m in Sources */ = {isa = PBXBuildFile; fileRef = 4C2EC4451959A616002A7CF7 /* AFHTTPSessionManager.m */; };
		4C2EC4561959A616002A7CF7 /* AFNetworkReachabilityManager.m in Sources */ = {isa = PBXBuildFile; fileRef = 4C2EC4481959A616002A7CF7 /* AFNetworkReachabilityManager.m */; };
		4C2EC4571959A616002A7CF7 /* AFSecurityPolicy.m in Sources */ = {isa = PBXBuildFile; fileRef = 4C2EC44A1959A616002A7CF7 /* AFSecurityPolicy.m */; };
		4C2EC4581959A616002A7CF7 /* AFURLConnectionOperation.m in Sources */ = {isa = PBXBuildFile; fileRef = 4C2EC44C1959A616002A7CF7 /* AFURLConnectionOperation.m */; };
		4C2EC4591959A616002A7CF7 /* AFURLRequestSerialization.m in Sources */ = {isa = PBXBuildFile; fileRef = 4C2EC44E1959A616002A7CF7 /* AFURLRequestSerialization.m */; };
		4C2EC45A1959A616002A7CF7 /* AFURLResponseSerialization.m in Sources */ = {isa = PBXBuildFile; fileRef = 4C2EC4501959A616002A7CF7 /* AFURLResponseSerialization.m */; };
		4C2EC45B1959A616002A7CF7 /* AFURLSessionManager.m in Sources */ = {isa = PBXBuildFile; fileRef = 4C2EC4521959A616002A7CF7 /* AFURLSessionManager.m */; };
		4C34FEF7195C688C0016F212 /* SplitMenuWidget.swift in Sources */ = {isa = PBXBuildFile; fileRef = 4C34FEF6195C688C0016F212 /* SplitMenuWidget.swift */; };
		4C34FEFA195C68930016F212 /* CartViewController.swift in Sources */ = {isa = PBXBuildFile; fileRef = 4C34FEF8195C68930016F212 /* CartViewController.swift */; };
		4C34FEFB195C68930016F212 /* UserViewController.swift in Sources */ = {isa = PBXBuildFile; fileRef = 4C34FEF9195C68930016F212 /* UserViewController.swift */; };
		4C5023C1195C695F00D3EDBB /* MKAnnotationView+WebCache.m in Sources */ = {isa = PBXBuildFile; fileRef = 4C5023A1195C695F00D3EDBB /* MKAnnotationView+WebCache.m */; };
		4C5023C2195C695F00D3EDBB /* NSData+ImageContentType.m in Sources */ = {isa = PBXBuildFile; fileRef = 4C5023A3195C695F00D3EDBB /* NSData+ImageContentType.m */; };
		4C5023C3195C695F00D3EDBB /* SDImageCache.m in Sources */ = {isa = PBXBuildFile; fileRef = 4C5023A5195C695F00D3EDBB /* SDImageCache.m */; };
		4C5023C4195C695F00D3EDBB /* SDWebImageCompat.m in Sources */ = {isa = PBXBuildFile; fileRef = 4C5023A7195C695F00D3EDBB /* SDWebImageCompat.m */; };
		4C5023C5195C695F00D3EDBB /* SDWebImageDecoder.m in Sources */ = {isa = PBXBuildFile; fileRef = 4C5023A9195C695F00D3EDBB /* SDWebImageDecoder.m */; };
		4C5023C6195C695F00D3EDBB /* SDWebImageDownloader.m in Sources */ = {isa = PBXBuildFile; fileRef = 4C5023AB195C695F00D3EDBB /* SDWebImageDownloader.m */; };
		4C5023C7195C695F00D3EDBB /* SDWebImageDownloaderOperation.m in Sources */ = {isa = PBXBuildFile; fileRef = 4C5023AD195C695F00D3EDBB /* SDWebImageDownloaderOperation.m */; };
		4C5023C8195C695F00D3EDBB /* SDWebImageManager.m in Sources */ = {isa = PBXBuildFile; fileRef = 4C5023AF195C695F00D3EDBB /* SDWebImageManager.m */; };
		4C5023C9195C695F00D3EDBB /* SDWebImagePrefetcher.m in Sources */ = {isa = PBXBuildFile; fileRef = 4C5023B2195C695F00D3EDBB /* SDWebImagePrefetcher.m */; };
		4C5023CA195C695F00D3EDBB /* UIButton+WebCache.m in Sources */ = {isa = PBXBuildFile; fileRef = 4C5023B4195C695F00D3EDBB /* UIButton+WebCache.m */; };
		4C5023CB195C695F00D3EDBB /* UIImage+GIF.m in Sources */ = {isa = PBXBuildFile; fileRef = 4C5023B6195C695F00D3EDBB /* UIImage+GIF.m */; };
		4C5023CC195C695F00D3EDBB /* UIImage+MultiFormat.m in Sources */ = {isa = PBXBuildFile; fileRef = 4C5023B8195C695F00D3EDBB /* UIImage+MultiFormat.m */; };
		4C5023CD195C695F00D3EDBB /* UIImage+WebP.m in Sources */ = {isa = PBXBuildFile; fileRef = 4C5023BA195C695F00D3EDBB /* UIImage+WebP.m */; };
		4C5023CE195C695F00D3EDBB /* UIImageView+HighlightedWebCache.m in Sources */ = {isa = PBXBuildFile; fileRef = 4C5023BC195C695F00D3EDBB /* UIImageView+HighlightedWebCache.m */; };
		4C5023CF195C695F00D3EDBB /* UIImageView+WebCache.m in Sources */ = {isa = PBXBuildFile; fileRef = 4C5023BE195C695F00D3EDBB /* UIImageView+WebCache.m */; };
		4C5023D0195C695F00D3EDBB /* UIView+WebCacheOperation.m in Sources */ = {isa = PBXBuildFile; fileRef = 4C5023C0195C695F00D3EDBB /* UIView+WebCacheOperation.m */; };
		4C5023D5195C6B2800D3EDBB /* SplitMenuCell.swift in Sources */ = {isa = PBXBuildFile; fileRef = 4C5023D4195C6B2800D3EDBB /* SplitMenuCell.swift */; };
		4CC34A0B195AECA30019977D /* HomeViewController.swift in Sources */ = {isa = PBXBuildFile; fileRef = 4CC34A0A195AECA30019977D /* HomeViewController.swift */; };
		4CC34A0E195AEE310019977D /* HomeBasicWidget.swift in Sources */ = {isa = PBXBuildFile; fileRef = 4CC34A0D195AEE310019977D /* HomeBasicWidget.swift */; };
		4CC34A19195AF11C0019977D /* CustomView.h in Headers */ = {isa = PBXBuildFile; fileRef = 4CC34A18195AF11C0019977D /* CustomView.h */; settings = {ATTRIBUTES = (Public, ); }; };
		4CC34A1F195AF11C0019977D /* CustomView.framework in Frameworks */ = {isa = PBXBuildFile; fileRef = 4CC34A14195AF11C0019977D /* CustomView.framework */; };
		4CC34A26195AF11C0019977D /* CustomViewTests.swift in Sources */ = {isa = PBXBuildFile; fileRef = 4CC34A25195AF11C0019977D /* CustomViewTests.swift */; };
		4CC34A29195AF11C0019977D /* CustomView.framework in Frameworks */ = {isa = PBXBuildFile; fileRef = 4CC34A14195AF11C0019977D /* CustomView.framework */; };
		4CC34A2A195AF11C0019977D /* CustomView.framework in Embed Frameworks */ = {isa = PBXBuildFile; fileRef = 4CC34A14195AF11C0019977D /* CustomView.framework */; settings = {ATTRIBUTES = (CodeSignOnCopy, ); }; };
		4CC713871950727400E42E34 /* Main.storyboard in Resources */ = {isa = PBXBuildFile; fileRef = 4CC713851950727400E42E34 /* Main.storyboard */; };
		4CC713891950727400E42E34 /* Images.xcassets in Resources */ = {isa = PBXBuildFile; fileRef = 4CC713881950727400E42E34 /* Images.xcassets */; };
		4CC713951950727400E42E34 /* ZAppTests.swift in Sources */ = {isa = PBXBuildFile; fileRef = 4CC713941950727400E42E34 /* ZAppTests.swift */; };
/* End PBXBuildFile section */

/* Begin PBXContainerItemProxy section */
		4CBE880E195C10EF00327D73 /* PBXContainerItemProxy */ = {
			isa = PBXContainerItemProxy;
			containerPortal = 4CC713741950727400E42E34 /* Project object */;
			proxyType = 1;
			remoteGlobalIDString = 4CC34A13195AF11C0019977D;
			remoteInfo = CustomView;
		};
		4CC34A20195AF11C0019977D /* PBXContainerItemProxy */ = {
			isa = PBXContainerItemProxy;
			containerPortal = 4CC713741950727400E42E34 /* Project object */;
			proxyType = 1;
			remoteGlobalIDString = 4CC34A13195AF11C0019977D;
			remoteInfo = CustomView;
		};
		4CC34A27195AF11C0019977D /* PBXContainerItemProxy */ = {
			isa = PBXContainerItemProxy;
			containerPortal = 4CC713741950727400E42E34 /* Project object */;
			proxyType = 1;
			remoteGlobalIDString = 4CC34A13195AF11C0019977D;
			remoteInfo = CustomView;
		};
		4CC34A2B195AF11C0019977D /* PBXContainerItemProxy */ = {
			isa = PBXContainerItemProxy;
			containerPortal = 4CC713741950727400E42E34 /* Project object */;
			proxyType = 1;
			remoteGlobalIDString = 4CC34A13195AF11C0019977D;
			remoteInfo = CustomView;
		};
		4CC34A34195AF11D0019977D /* PBXContainerItemProxy */ = {
			isa = PBXContainerItemProxy;
			containerPortal = 4CC713741950727400E42E34 /* Project object */;
			proxyType = 1;
			remoteGlobalIDString = 4CC34A13195AF11C0019977D;
			remoteInfo = CustomView;
		};
		4CC34A36195AF11D0019977D /* PBXContainerItemProxy */ = {
			isa = PBXContainerItemProxy;
			containerPortal = 4CC713741950727400E42E34 /* Project object */;
			proxyType = 1;
			remoteGlobalIDString = 4CC34A13195AF11C0019977D;
			remoteInfo = CustomView;
		};
		4CC34A38195AF11E0019977D /* PBXContainerItemProxy */ = {
			isa = PBXContainerItemProxy;
			containerPortal = 4CC713741950727400E42E34 /* Project object */;
			proxyType = 1;
			remoteGlobalIDString = 4CC34A13195AF11C0019977D;
			remoteInfo = CustomView;
		};
		4CC7138F1950727400E42E34 /* PBXContainerItemProxy */ = {
			isa = PBXContainerItemProxy;
			containerPortal = 4CC713741950727400E42E34 /* Project object */;
			proxyType = 1;
			remoteGlobalIDString = 4CC7137B1950727400E42E34;
			remoteInfo = ZApp;
		};
/* End PBXContainerItemProxy section */

/* Begin PBXCopyFilesBuildPhase section */
		4CC34A30195AF11C0019977D /* Embed Frameworks */ = {
			isa = PBXCopyFilesBuildPhase;
			buildActionMask = 2147483647;
			dstPath = "";
			dstSubfolderSpec = 10;
			files = (
				4CC34A2A195AF11C0019977D /* CustomView.framework in Embed Frameworks */,
			);
			name = "Embed Frameworks";
			runOnlyForDeploymentPostprocessing = 0;
		};
/* End PBXCopyFilesBuildPhase section */

/* Begin PBXFileReference section */
		3E3DA765195C911B0061D401 /* sampleData.json */ = {isa = PBXFileReference; fileEncoding = 4; lastKnownFileType = text.json; path = sampleData.json; sourceTree = SOURCE_ROOT; };
		3EB3EBDC19600EA10026720B /* HomeComponent.swift */ = {isa = PBXFileReference; fileEncoding = 4; lastKnownFileType = sourcecode.swift; path = HomeComponent.swift; sourceTree = "<group>"; };
		3ED4490F195A83D7002E4C0B /* ZAConstants.h */ = {isa = PBXFileReference; lastKnownFileType = sourcecode.c.h; path = ZAConstants.h; sourceTree = "<group>"; };
		3ED44911195A921E002E4C0B /* ZProduct.swift */ = {isa = PBXFileReference; fileEncoding = 4; lastKnownFileType = sourcecode.swift; path = ZProduct.swift; sourceTree = "<group>"; };
		4C2EC43B1959A569002A7CF7 /* ViewController.swift */ = {isa = PBXFileReference; fileEncoding = 4; lastKnownFileType = sourcecode.swift; path = ViewController.swift; sourceTree = "<group>"; };
		4C2EC43D1959A56F002A7CF7 /* AppDelegate.swift */ = {isa = PBXFileReference; fileEncoding = 4; lastKnownFileType = sourcecode.swift; path = AppDelegate.swift; sourceTree = "<group>"; };
		4C2EC4401959A616002A7CF7 /* AFHTTPRequestOperation.h */ = {isa = PBXFileReference; fileEncoding = 4; lastKnownFileType = sourcecode.c.h; path = AFHTTPRequestOperation.h; sourceTree = "<group>"; };
		4C2EC4411959A616002A7CF7 /* AFHTTPRequestOperation.m */ = {isa = PBXFileReference; fileEncoding = 4; lastKnownFileType = sourcecode.c.objc; path = AFHTTPRequestOperation.m; sourceTree = "<group>"; };
		4C2EC4421959A616002A7CF7 /* AFHTTPRequestOperationManager.h */ = {isa = PBXFileReference; fileEncoding = 4; lastKnownFileType = sourcecode.c.h; path = AFHTTPRequestOperationManager.h; sourceTree = "<group>"; };
		4C2EC4431959A616002A7CF7 /* AFHTTPRequestOperationManager.m */ = {isa = PBXFileReference; fileEncoding = 4; lastKnownFileType = sourcecode.c.objc; path = AFHTTPRequestOperationManager.m; sourceTree = "<group>"; };
		4C2EC4441959A616002A7CF7 /* AFHTTPSessionManager.h */ = {isa = PBXFileReference; fileEncoding = 4; lastKnownFileType = sourcecode.c.h; path = AFHTTPSessionManager.h; sourceTree = "<group>"; };
		4C2EC4451959A616002A7CF7 /* AFHTTPSessionManager.m */ = {isa = PBXFileReference; fileEncoding = 4; lastKnownFileType = sourcecode.c.objc; path = AFHTTPSessionManager.m; sourceTree = "<group>"; };
		4C2EC4461959A616002A7CF7 /* AFNetworking.h */ = {isa = PBXFileReference; fileEncoding = 4; lastKnownFileType = sourcecode.c.h; path = AFNetworking.h; sourceTree = "<group>"; };
		4C2EC4471959A616002A7CF7 /* AFNetworkReachabilityManager.h */ = {isa = PBXFileReference; fileEncoding = 4; lastKnownFileType = sourcecode.c.h; path = AFNetworkReachabilityManager.h; sourceTree = "<group>"; };
		4C2EC4481959A616002A7CF7 /* AFNetworkReachabilityManager.m */ = {isa = PBXFileReference; fileEncoding = 4; lastKnownFileType = sourcecode.c.objc; path = AFNetworkReachabilityManager.m; sourceTree = "<group>"; };
		4C2EC4491959A616002A7CF7 /* AFSecurityPolicy.h */ = {isa = PBXFileReference; fileEncoding = 4; lastKnownFileType = sourcecode.c.h; path = AFSecurityPolicy.h; sourceTree = "<group>"; };
		4C2EC44A1959A616002A7CF7 /* AFSecurityPolicy.m */ = {isa = PBXFileReference; fileEncoding = 4; lastKnownFileType = sourcecode.c.objc; path = AFSecurityPolicy.m; sourceTree = "<group>"; };
		4C2EC44B1959A616002A7CF7 /* AFURLConnectionOperation.h */ = {isa = PBXFileReference; fileEncoding = 4; lastKnownFileType = sourcecode.c.h; path = AFURLConnectionOperation.h; sourceTree = "<group>"; };
		4C2EC44C1959A616002A7CF7 /* AFURLConnectionOperation.m */ = {isa = PBXFileReference; fileEncoding = 4; lastKnownFileType = sourcecode.c.objc; path = AFURLConnectionOperation.m; sourceTree = "<group>"; };
		4C2EC44D1959A616002A7CF7 /* AFURLRequestSerialization.h */ = {isa = PBXFileReference; fileEncoding = 4; lastKnownFileType = sourcecode.c.h; path = AFURLRequestSerialization.h; sourceTree = "<group>"; };
		4C2EC44E1959A616002A7CF7 /* AFURLRequestSerialization.m */ = {isa = PBXFileReference; fileEncoding = 4; lastKnownFileType = sourcecode.c.objc; path = AFURLRequestSerialization.m; sourceTree = "<group>"; };
		4C2EC44F1959A616002A7CF7 /* AFURLResponseSerialization.h */ = {isa = PBXFileReference; fileEncoding = 4; lastKnownFileType = sourcecode.c.h; path = AFURLResponseSerialization.h; sourceTree = "<group>"; };
		4C2EC4501959A616002A7CF7 /* AFURLResponseSerialization.m */ = {isa = PBXFileReference; fileEncoding = 4; lastKnownFileType = sourcecode.c.objc; path = AFURLResponseSerialization.m; sourceTree = "<group>"; };
		4C2EC4511959A616002A7CF7 /* AFURLSessionManager.h */ = {isa = PBXFileReference; fileEncoding = 4; lastKnownFileType = sourcecode.c.h; path = AFURLSessionManager.h; sourceTree = "<group>"; };
		4C2EC4521959A616002A7CF7 /* AFURLSessionManager.m */ = {isa = PBXFileReference; fileEncoding = 4; lastKnownFileType = sourcecode.c.objc; path = AFURLSessionManager.m; sourceTree = "<group>"; };
		4C2EC4661959A9E8002A7CF7 /* ZApp-Bridging-Header.h */ = {isa = PBXFileReference; lastKnownFileType = sourcecode.c.h; path = "ZApp-Bridging-Header.h"; sourceTree = "<group>"; };
		4C34FEF6195C688C0016F212 /* SplitMenuWidget.swift */ = {isa = PBXFileReference; fileEncoding = 4; lastKnownFileType = sourcecode.swift; path = SplitMenuWidget.swift; sourceTree = "<group>"; };
		4C34FEF8195C68930016F212 /* CartViewController.swift */ = {isa = PBXFileReference; fileEncoding = 4; lastKnownFileType = sourcecode.swift; path = CartViewController.swift; sourceTree = "<group>"; };
		4C34FEF9195C68930016F212 /* UserViewController.swift */ = {isa = PBXFileReference; fileEncoding = 4; lastKnownFileType = sourcecode.swift; path = UserViewController.swift; sourceTree = "<group>"; };
		4C5023A0195C695F00D3EDBB /* MKAnnotationView+WebCache.h */ = {isa = PBXFileReference; fileEncoding = 4; lastKnownFileType = sourcecode.c.h; path = "MKAnnotationView+WebCache.h"; sourceTree = "<group>"; };
		4C5023A1195C695F00D3EDBB /* MKAnnotationView+WebCache.m */ = {isa = PBXFileReference; fileEncoding = 4; lastKnownFileType = sourcecode.c.objc; path = "MKAnnotationView+WebCache.m"; sourceTree = "<group>"; };
		4C5023A2195C695F00D3EDBB /* NSData+ImageContentType.h */ = {isa = PBXFileReference; fileEncoding = 4; lastKnownFileType = sourcecode.c.h; path = "NSData+ImageContentType.h"; sourceTree = "<group>"; };
		4C5023A3195C695F00D3EDBB /* NSData+ImageContentType.m */ = {isa = PBXFileReference; fileEncoding = 4; lastKnownFileType = sourcecode.c.objc; path = "NSData+ImageContentType.m"; sourceTree = "<group>"; };
		4C5023A4195C695F00D3EDBB /* SDImageCache.h */ = {isa = PBXFileReference; fileEncoding = 4; lastKnownFileType = sourcecode.c.h; path = SDImageCache.h; sourceTree = "<group>"; };
		4C5023A5195C695F00D3EDBB /* SDImageCache.m */ = {isa = PBXFileReference; fileEncoding = 4; lastKnownFileType = sourcecode.c.objc; path = SDImageCache.m; sourceTree = "<group>"; };
		4C5023A6195C695F00D3EDBB /* SDWebImageCompat.h */ = {isa = PBXFileReference; fileEncoding = 4; lastKnownFileType = sourcecode.c.h; path = SDWebImageCompat.h; sourceTree = "<group>"; };
		4C5023A7195C695F00D3EDBB /* SDWebImageCompat.m */ = {isa = PBXFileReference; fileEncoding = 4; lastKnownFileType = sourcecode.c.objc; path = SDWebImageCompat.m; sourceTree = "<group>"; };
		4C5023A8195C695F00D3EDBB /* SDWebImageDecoder.h */ = {isa = PBXFileReference; fileEncoding = 4; lastKnownFileType = sourcecode.c.h; path = SDWebImageDecoder.h; sourceTree = "<group>"; };
		4C5023A9195C695F00D3EDBB /* SDWebImageDecoder.m */ = {isa = PBXFileReference; fileEncoding = 4; lastKnownFileType = sourcecode.c.objc; path = SDWebImageDecoder.m; sourceTree = "<group>"; };
		4C5023AA195C695F00D3EDBB /* SDWebImageDownloader.h */ = {isa = PBXFileReference; fileEncoding = 4; lastKnownFileType = sourcecode.c.h; path = SDWebImageDownloader.h; sourceTree = "<group>"; };
		4C5023AB195C695F00D3EDBB /* SDWebImageDownloader.m */ = {isa = PBXFileReference; fileEncoding = 4; lastKnownFileType = sourcecode.c.objc; path = SDWebImageDownloader.m; sourceTree = "<group>"; };
		4C5023AC195C695F00D3EDBB /* SDWebImageDownloaderOperation.h */ = {isa = PBXFileReference; fileEncoding = 4; lastKnownFileType = sourcecode.c.h; path = SDWebImageDownloaderOperation.h; sourceTree = "<group>"; };
		4C5023AD195C695F00D3EDBB /* SDWebImageDownloaderOperation.m */ = {isa = PBXFileReference; fileEncoding = 4; lastKnownFileType = sourcecode.c.objc; path = SDWebImageDownloaderOperation.m; sourceTree = "<group>"; };
		4C5023AE195C695F00D3EDBB /* SDWebImageManager.h */ = {isa = PBXFileReference; fileEncoding = 4; lastKnownFileType = sourcecode.c.h; path = SDWebImageManager.h; sourceTree = "<group>"; };
		4C5023AF195C695F00D3EDBB /* SDWebImageManager.m */ = {isa = PBXFileReference; fileEncoding = 4; lastKnownFileType = sourcecode.c.objc; path = SDWebImageManager.m; sourceTree = "<group>"; };
		4C5023B0195C695F00D3EDBB /* SDWebImageOperation.h */ = {isa = PBXFileReference; fileEncoding = 4; lastKnownFileType = sourcecode.c.h; path = SDWebImageOperation.h; sourceTree = "<group>"; };
		4C5023B1195C695F00D3EDBB /* SDWebImagePrefetcher.h */ = {isa = PBXFileReference; fileEncoding = 4; lastKnownFileType = sourcecode.c.h; path = SDWebImagePrefetcher.h; sourceTree = "<group>"; };
		4C5023B2195C695F00D3EDBB /* SDWebImagePrefetcher.m */ = {isa = PBXFileReference; fileEncoding = 4; lastKnownFileType = sourcecode.c.objc; path = SDWebImagePrefetcher.m; sourceTree = "<group>"; };
		4C5023B3195C695F00D3EDBB /* UIButton+WebCache.h */ = {isa = PBXFileReference; fileEncoding = 4; lastKnownFileType = sourcecode.c.h; path = "UIButton+WebCache.h"; sourceTree = "<group>"; };
		4C5023B4195C695F00D3EDBB /* UIButton+WebCache.m */ = {isa = PBXFileReference; fileEncoding = 4; lastKnownFileType = sourcecode.c.objc; path = "UIButton+WebCache.m"; sourceTree = "<group>"; };
		4C5023B5195C695F00D3EDBB /* UIImage+GIF.h */ = {isa = PBXFileReference; fileEncoding = 4; lastKnownFileType = sourcecode.c.h; path = "UIImage+GIF.h"; sourceTree = "<group>"; };
		4C5023B6195C695F00D3EDBB /* UIImage+GIF.m */ = {isa = PBXFileReference; fileEncoding = 4; lastKnownFileType = sourcecode.c.objc; path = "UIImage+GIF.m"; sourceTree = "<group>"; };
		4C5023B7195C695F00D3EDBB /* UIImage+MultiFormat.h */ = {isa = PBXFileReference; fileEncoding = 4; lastKnownFileType = sourcecode.c.h; path = "UIImage+MultiFormat.h"; sourceTree = "<group>"; };
		4C5023B8195C695F00D3EDBB /* UIImage+MultiFormat.m */ = {isa = PBXFileReference; fileEncoding = 4; lastKnownFileType = sourcecode.c.objc; path = "UIImage+MultiFormat.m"; sourceTree = "<group>"; };
		4C5023B9195C695F00D3EDBB /* UIImage+WebP.h */ = {isa = PBXFileReference; fileEncoding = 4; lastKnownFileType = sourcecode.c.h; path = "UIImage+WebP.h"; sourceTree = "<group>"; };
		4C5023BA195C695F00D3EDBB /* UIImage+WebP.m */ = {isa = PBXFileReference; fileEncoding = 4; lastKnownFileType = sourcecode.c.objc; path = "UIImage+WebP.m"; sourceTree = "<group>"; };
		4C5023BB195C695F00D3EDBB /* UIImageView+HighlightedWebCache.h */ = {isa = PBXFileReference; fileEncoding = 4; lastKnownFileType = sourcecode.c.h; path = "UIImageView+HighlightedWebCache.h"; sourceTree = "<group>"; };
		4C5023BC195C695F00D3EDBB /* UIImageView+HighlightedWebCache.m */ = {isa = PBXFileReference; fileEncoding = 4; lastKnownFileType = sourcecode.c.objc; path = "UIImageView+HighlightedWebCache.m"; sourceTree = "<group>"; };
		4C5023BD195C695F00D3EDBB /* UIImageView+WebCache.h */ = {isa = PBXFileReference; fileEncoding = 4; lastKnownFileType = sourcecode.c.h; path = "UIImageView+WebCache.h"; sourceTree = "<group>"; };
		4C5023BE195C695F00D3EDBB /* UIImageView+WebCache.m */ = {isa = PBXFileReference; fileEncoding = 4; lastKnownFileType = sourcecode.c.objc; path = "UIImageView+WebCache.m"; sourceTree = "<group>"; };
		4C5023BF195C695F00D3EDBB /* UIView+WebCacheOperation.h */ = {isa = PBXFileReference; fileEncoding = 4; lastKnownFileType = sourcecode.c.h; path = "UIView+WebCacheOperation.h"; sourceTree = "<group>"; };
		4C5023C0195C695F00D3EDBB /* UIView+WebCacheOperation.m */ = {isa = PBXFileReference; fileEncoding = 4; lastKnownFileType = sourcecode.c.objc; path = "UIView+WebCacheOperation.m"; sourceTree = "<group>"; };
		4C5023D4195C6B2800D3EDBB /* SplitMenuCell.swift */ = {isa = PBXFileReference; fileEncoding = 4; lastKnownFileType = sourcecode.swift; path = SplitMenuCell.swift; sourceTree = "<group>"; };
		4CC34A0A195AECA30019977D /* HomeViewController.swift */ = {isa = PBXFileReference; fileEncoding = 4; lastKnownFileType = sourcecode.swift; path = HomeViewController.swift; sourceTree = "<group>"; };
		4CC34A0D195AEE310019977D /* HomeBasicWidget.swift */ = {isa = PBXFileReference; fileEncoding = 4; lastKnownFileType = sourcecode.swift; path = HomeBasicWidget.swift; sourceTree = "<group>"; };
		4CC34A14195AF11C0019977D /* CustomView.framework */ = {isa = PBXFileReference; explicitFileType = wrapper.framework; includeInIndex = 0; path = CustomView.framework; sourceTree = BUILT_PRODUCTS_DIR; };
		4CC34A17195AF11C0019977D /* Info.plist */ = {isa = PBXFileReference; lastKnownFileType = text.plist.xml; path = Info.plist; sourceTree = "<group>"; };
		4CC34A18195AF11C0019977D /* CustomView.h */ = {isa = PBXFileReference; lastKnownFileType = sourcecode.c.h; path = CustomView.h; sourceTree = "<group>"; };
		4CC34A1E195AF11C0019977D /* CustomViewTests.xctest */ = {isa = PBXFileReference; explicitFileType = wrapper.cfbundle; includeInIndex = 0; path = CustomViewTests.xctest; sourceTree = BUILT_PRODUCTS_DIR; };
		4CC34A24195AF11C0019977D /* Info.plist */ = {isa = PBXFileReference; lastKnownFileType = text.plist.xml; path = Info.plist; sourceTree = "<group>"; };
		4CC34A25195AF11C0019977D /* CustomViewTests.swift */ = {isa = PBXFileReference; lastKnownFileType = sourcecode.swift; path = CustomViewTests.swift; sourceTree = "<group>"; };
		4CC7137C1950727400E42E34 /* ZApp.app */ = {isa = PBXFileReference; explicitFileType = wrapper.application; includeInIndex = 0; path = ZApp.app; sourceTree = BUILT_PRODUCTS_DIR; };
		4CC713801950727400E42E34 /* Info.plist */ = {isa = PBXFileReference; lastKnownFileType = text.plist.xml; path = Info.plist; sourceTree = "<group>"; };
		4CC713861950727400E42E34 /* Base */ = {isa = PBXFileReference; lastKnownFileType = file.storyboard; name = Base; path = Base.lproj/Main.storyboard; sourceTree = "<group>"; };
		4CC713881950727400E42E34 /* Images.xcassets */ = {isa = PBXFileReference; lastKnownFileType = folder.assetcatalog; path = Images.xcassets; sourceTree = "<group>"; };
		4CC7138E1950727400E42E34 /* ZAppTests.xctest */ = {isa = PBXFileReference; explicitFileType = wrapper.cfbundle; includeInIndex = 0; path = ZAppTests.xctest; sourceTree = BUILT_PRODUCTS_DIR; };
		4CC713931950727400E42E34 /* Info.plist */ = {isa = PBXFileReference; lastKnownFileType = text.plist.xml; path = Info.plist; sourceTree = "<group>"; };
		4CC713941950727400E42E34 /* ZAppTests.swift */ = {isa = PBXFileReference; lastKnownFileType = sourcecode.swift; path = ZAppTests.swift; sourceTree = "<group>"; };
/* End PBXFileReference section */

/* Begin PBXFrameworksBuildPhase section */
		4CC34A10195AF11C0019977D /* Frameworks */ = {
			isa = PBXFrameworksBuildPhase;
			buildActionMask = 2147483647;
			files = (
			);
			runOnlyForDeploymentPostprocessing = 0;
		};
		4CC34A1B195AF11C0019977D /* Frameworks */ = {
			isa = PBXFrameworksBuildPhase;
			buildActionMask = 2147483647;
			files = (
				4CC34A1F195AF11C0019977D /* CustomView.framework in Frameworks */,
			);
			runOnlyForDeploymentPostprocessing = 0;
		};
		4CC713791950727400E42E34 /* Frameworks */ = {
			isa = PBXFrameworksBuildPhase;
			buildActionMask = 2147483647;
			files = (
				4CC34A29195AF11C0019977D /* CustomView.framework in Frameworks */,
			);
			runOnlyForDeploymentPostprocessing = 0;
		};
		4CC7138B1950727400E42E34 /* Frameworks */ = {
			isa = PBXFrameworksBuildPhase;
			buildActionMask = 2147483647;
			files = (
			);
			runOnlyForDeploymentPostprocessing = 0;
		};
/* End PBXFrameworksBuildPhase section */

/* Begin PBXGroup section */
		3ED44910195A91F3002E4C0B /* Model */ = {
			isa = PBXGroup;
			children = (
				3ED44911195A921E002E4C0B /* ZProduct.swift */,
				3EB3EBDC19600EA10026720B /* HomeComponent.swift */,
			);
			path = Model;
			sourceTree = "<group>";
		};
		4C2EC4361959A46A002A7CF7 /* src */ = {
			isa = PBXGroup;
			children = (
				4C2EC4651959A9C6002A7CF7 /* Header */,
				4C5023D2195C6AFF00D3EDBB /* TableViewCell */,
				4CC34A0C195AEDE90019977D /* View */,
				3ED44910195A91F3002E4C0B /* Model */,
				4C2EC43A1959A52C002A7CF7 /* ViewController */,
				4C2EC4391959A520002A7CF7 /* Delegate */,
			);
			path = src;
			sourceTree = "<group>";
		};
		4C2EC4371959A472002A7CF7 /* res */ = {
			isa = PBXGroup;
			children = (
				3E3DA765195C911B0061D401 /* sampleData.json */,
			);
			path = res;
			sourceTree = "<group>";
		};
		4C2EC4381959A47A002A7CF7 /* libs */ = {
			isa = PBXGroup;
			children = (
				4C50239F195C695F00D3EDBB /* SDWebImage */,
				4C2EC43F1959A616002A7CF7 /* AFNetworking */,
			);
			path = libs;
			sourceTree = "<group>";
		};
		4C2EC4391959A520002A7CF7 /* Delegate */ = {
			isa = PBXGroup;
			children = (
				4C2EC43D1959A56F002A7CF7 /* AppDelegate.swift */,
			);
			path = Delegate;
			sourceTree = "<group>";
		};
		4C2EC43A1959A52C002A7CF7 /* ViewController */ = {
			isa = PBXGroup;
			children = (
				4C34FEF8195C68930016F212 /* CartViewController.swift */,
				4C34FEF9195C68930016F212 /* UserViewController.swift */,
				4C2EC43B1959A569002A7CF7 /* ViewController.swift */,
				4CC34A0A195AECA30019977D /* HomeViewController.swift */,
			);
			path = ViewController;
			sourceTree = "<group>";
		};
		4C2EC43F1959A616002A7CF7 /* AFNetworking */ = {
			isa = PBXGroup;
			children = (
				4C2EC4401959A616002A7CF7 /* AFHTTPRequestOperation.h */,
				4C2EC4411959A616002A7CF7 /* AFHTTPRequestOperation.m */,
				4C2EC4421959A616002A7CF7 /* AFHTTPRequestOperationManager.h */,
				4C2EC4431959A616002A7CF7 /* AFHTTPRequestOperationManager.m */,
				4C2EC4441959A616002A7CF7 /* AFHTTPSessionManager.h */,
				4C2EC4451959A616002A7CF7 /* AFHTTPSessionManager.m */,
				4C2EC4461959A616002A7CF7 /* AFNetworking.h */,
				4C2EC4471959A616002A7CF7 /* AFNetworkReachabilityManager.h */,
				4C2EC4481959A616002A7CF7 /* AFNetworkReachabilityManager.m */,
				4C2EC4491959A616002A7CF7 /* AFSecurityPolicy.h */,
				4C2EC44A1959A616002A7CF7 /* AFSecurityPolicy.m */,
				4C2EC44B1959A616002A7CF7 /* AFURLConnectionOperation.h */,
				4C2EC44C1959A616002A7CF7 /* AFURLConnectionOperation.m */,
				4C2EC44D1959A616002A7CF7 /* AFURLRequestSerialization.h */,
				4C2EC44E1959A616002A7CF7 /* AFURLRequestSerialization.m */,
				4C2EC44F1959A616002A7CF7 /* AFURLResponseSerialization.h */,
				4C2EC4501959A616002A7CF7 /* AFURLResponseSerialization.m */,
				4C2EC4511959A616002A7CF7 /* AFURLSessionManager.h */,
				4C2EC4521959A616002A7CF7 /* AFURLSessionManager.m */,
			);
			path = AFNetworking;
			sourceTree = "<group>";
		};
		4C2EC4651959A9C6002A7CF7 /* Header */ = {
			isa = PBXGroup;
			children = (
				4C2EC4661959A9E8002A7CF7 /* ZApp-Bridging-Header.h */,
				3ED4490F195A83D7002E4C0B /* ZAConstants.h */,
			);
			path = Header;
			sourceTree = "<group>";
		};
		4C50239F195C695F00D3EDBB /* SDWebImage */ = {
			isa = PBXGroup;
			children = (
				4C5023A0195C695F00D3EDBB /* MKAnnotationView+WebCache.h */,
				4C5023A1195C695F00D3EDBB /* MKAnnotationView+WebCache.m */,
				4C5023A2195C695F00D3EDBB /* NSData+ImageContentType.h */,
				4C5023A3195C695F00D3EDBB /* NSData+ImageContentType.m */,
				4C5023A4195C695F00D3EDBB /* SDImageCache.h */,
				4C5023A5195C695F00D3EDBB /* SDImageCache.m */,
				4C5023A6195C695F00D3EDBB /* SDWebImageCompat.h */,
				4C5023A7195C695F00D3EDBB /* SDWebImageCompat.m */,
				4C5023A8195C695F00D3EDBB /* SDWebImageDecoder.h */,
				4C5023A9195C695F00D3EDBB /* SDWebImageDecoder.m */,
				4C5023AA195C695F00D3EDBB /* SDWebImageDownloader.h */,
				4C5023AB195C695F00D3EDBB /* SDWebImageDownloader.m */,
				4C5023AC195C695F00D3EDBB /* SDWebImageDownloaderOperation.h */,
				4C5023AD195C695F00D3EDBB /* SDWebImageDownloaderOperation.m */,
				4C5023AE195C695F00D3EDBB /* SDWebImageManager.h */,
				4C5023AF195C695F00D3EDBB /* SDWebImageManager.m */,
				4C5023B0195C695F00D3EDBB /* SDWebImageOperation.h */,
				4C5023B1195C695F00D3EDBB /* SDWebImagePrefetcher.h */,
				4C5023B2195C695F00D3EDBB /* SDWebImagePrefetcher.m */,
				4C5023B3195C695F00D3EDBB /* UIButton+WebCache.h */,
				4C5023B4195C695F00D3EDBB /* UIButton+WebCache.m */,
				4C5023B5195C695F00D3EDBB /* UIImage+GIF.h */,
				4C5023B6195C695F00D3EDBB /* UIImage+GIF.m */,
				4C5023B7195C695F00D3EDBB /* UIImage+MultiFormat.h */,
				4C5023B8195C695F00D3EDBB /* UIImage+MultiFormat.m */,
				4C5023B9195C695F00D3EDBB /* UIImage+WebP.h */,
				4C5023BA195C695F00D3EDBB /* UIImage+WebP.m */,
				4C5023BB195C695F00D3EDBB /* UIImageView+HighlightedWebCache.h */,
				4C5023BC195C695F00D3EDBB /* UIImageView+HighlightedWebCache.m */,
				4C5023BD195C695F00D3EDBB /* UIImageView+WebCache.h */,
				4C5023BE195C695F00D3EDBB /* UIImageView+WebCache.m */,
				4C5023BF195C695F00D3EDBB /* UIView+WebCacheOperation.h */,
				4C5023C0195C695F00D3EDBB /* UIView+WebCacheOperation.m */,
			);
			path = SDWebImage;
			sourceTree = "<group>";
		};
		4C5023D2195C6AFF00D3EDBB /* TableViewCell */ = {
			isa = PBXGroup;
			children = (
				4C5023D4195C6B2800D3EDBB /* SplitMenuCell.swift */,
			);
			path = TableViewCell;
			sourceTree = "<group>";
		};
		4CC34A0C195AEDE90019977D /* View */ = {
			isa = PBXGroup;
			children = (
				4C34FEF6195C688C0016F212 /* SplitMenuWidget.swift */,
				4CC34A0D195AEE310019977D /* HomeBasicWidget.swift */,
			);
			path = View;
			sourceTree = "<group>";
		};
		4CC34A15195AF11C0019977D /* CustomView */ = {
			isa = PBXGroup;
			children = (
				4CC34A18195AF11C0019977D /* CustomView.h */,
				4CC34A16195AF11C0019977D /* Supporting Files */,
			);
			path = CustomView;
			sourceTree = "<group>";
		};
		4CC34A16195AF11C0019977D /* Supporting Files */ = {
			isa = PBXGroup;
			children = (
				4CC34A17195AF11C0019977D /* Info.plist */,
			);
			name = "Supporting Files";
			sourceTree = "<group>";
		};
		4CC34A22195AF11C0019977D /* CustomViewTests */ = {
			isa = PBXGroup;
			children = (
				4CC34A25195AF11C0019977D /* CustomViewTests.swift */,
				4CC34A23195AF11C0019977D /* Supporting Files */,
			);
			path = CustomViewTests;
			sourceTree = "<group>";
		};
		4CC34A23195AF11C0019977D /* Supporting Files */ = {
			isa = PBXGroup;
			children = (
				4CC34A24195AF11C0019977D /* Info.plist */,
			);
			name = "Supporting Files";
			sourceTree = "<group>";
		};
		4CC713731950727400E42E34 = {
			isa = PBXGroup;
			children = (
				4CC7137E1950727400E42E34 /* ZApp */,
				4CC713911950727400E42E34 /* ZAppTests */,
				4CC34A15195AF11C0019977D /* CustomView */,
				4CC34A22195AF11C0019977D /* CustomViewTests */,
				4CC7137D1950727400E42E34 /* Products */,
			);
			sourceTree = "<group>";
		};
		4CC7137D1950727400E42E34 /* Products */ = {
			isa = PBXGroup;
			children = (
				4CC7137C1950727400E42E34 /* ZApp.app */,
				4CC7138E1950727400E42E34 /* ZAppTests.xctest */,
				4CC34A14195AF11C0019977D /* CustomView.framework */,
				4CC34A1E195AF11C0019977D /* CustomViewTests.xctest */,
			);
			name = Products;
			sourceTree = "<group>";
		};
		4CC7137E1950727400E42E34 /* ZApp */ = {
			isa = PBXGroup;
			children = (
				4C2EC4381959A47A002A7CF7 /* libs */,
				4C2EC4371959A472002A7CF7 /* res */,
				4C2EC4361959A46A002A7CF7 /* src */,
				4CC713851950727400E42E34 /* Main.storyboard */,
				4CC713881950727400E42E34 /* Images.xcassets */,
				4CC7137F1950727400E42E34 /* Supporting Files */,
			);
			path = ZApp;
			sourceTree = "<group>";
		};
		4CC7137F1950727400E42E34 /* Supporting Files */ = {
			isa = PBXGroup;
			children = (
				4CC713801950727400E42E34 /* Info.plist */,
			);
			name = "Supporting Files";
			sourceTree = "<group>";
		};
		4CC713911950727400E42E34 /* ZAppTests */ = {
			isa = PBXGroup;
			children = (
				4CC713941950727400E42E34 /* ZAppTests.swift */,
				4CC713921950727400E42E34 /* Supporting Files */,
			);
			path = ZAppTests;
			sourceTree = "<group>";
		};
		4CC713921950727400E42E34 /* Supporting Files */ = {
			isa = PBXGroup;
			children = (
				4CC713931950727400E42E34 /* Info.plist */,
			);
			name = "Supporting Files";
			sourceTree = "<group>";
		};
/* End PBXGroup section */

/* Begin PBXHeadersBuildPhase section */
		4CC34A11195AF11C0019977D /* Headers */ = {
			isa = PBXHeadersBuildPhase;
			buildActionMask = 2147483647;
			files = (
				4CC34A19195AF11C0019977D /* CustomView.h in Headers */,
			);
			runOnlyForDeploymentPostprocessing = 0;
		};
/* End PBXHeadersBuildPhase section */

/* Begin PBXNativeTarget section */
		4CC34A13195AF11C0019977D /* CustomView */ = {
			isa = PBXNativeTarget;
			buildConfigurationList = 4CC34A2D195AF11C0019977D /* Build configuration list for PBXNativeTarget "CustomView" */;
			buildPhases = (
				4CC34A0F195AF11C0019977D /* Sources */,
				4CC34A10195AF11C0019977D /* Frameworks */,
				4CC34A11195AF11C0019977D /* Headers */,
				4CC34A12195AF11C0019977D /* Resources */,
			);
			buildRules = (
			);
			dependencies = (
			);
			name = CustomView;
			productName = CustomView;
			productReference = 4CC34A14195AF11C0019977D /* CustomView.framework */;
			productType = "com.apple.product-type.framework";
		};
		4CC34A1D195AF11C0019977D /* CustomViewTests */ = {
			isa = PBXNativeTarget;
			buildConfigurationList = 4CC34A31195AF11C0019977D /* Build configuration list for PBXNativeTarget "CustomViewTests" */;
			buildPhases = (
				4CC34A1A195AF11C0019977D /* Sources */,
				4CC34A1B195AF11C0019977D /* Frameworks */,
				4CC34A1C195AF11C0019977D /* Resources */,
			);
			buildRules = (
			);
			dependencies = (
				4CC34A21195AF11C0019977D /* PBXTargetDependency */,
				4CC34A35195AF11D0019977D /* PBXTargetDependency */,
				4CC34A37195AF11D0019977D /* PBXTargetDependency */,
				4CC34A39195AF11E0019977D /* PBXTargetDependency */,
				4CBE880F195C10EF00327D73 /* PBXTargetDependency */,
			);
			name = CustomViewTests;
			productName = CustomViewTests;
			productReference = 4CC34A1E195AF11C0019977D /* CustomViewTests.xctest */;
			productType = "com.apple.product-type.bundle.unit-test";
		};
		4CC7137B1950727400E42E34 /* ZApp */ = {
			isa = PBXNativeTarget;
			buildConfigurationList = 4CC713981950727400E42E34 /* Build configuration list for PBXNativeTarget "ZApp" */;
			buildPhases = (
				4CC713781950727400E42E34 /* Sources */,
				4CC713791950727400E42E34 /* Frameworks */,
				4CC7137A1950727400E42E34 /* Resources */,
				4CC34A30195AF11C0019977D /* Embed Frameworks */,
			);
			buildRules = (
			);
			dependencies = (
				4CC34A28195AF11C0019977D /* PBXTargetDependency */,
				4CC34A2C195AF11C0019977D /* PBXTargetDependency */,
			);
			name = ZApp;
			productName = ZApp;
			productReference = 4CC7137C1950727400E42E34 /* ZApp.app */;
			productType = "com.apple.product-type.application";
		};
		4CC7138D1950727400E42E34 /* ZAppTests */ = {
			isa = PBXNativeTarget;
			buildConfigurationList = 4CC7139B1950727400E42E34 /* Build configuration list for PBXNativeTarget "ZAppTests" */;
			buildPhases = (
				4CC7138A1950727400E42E34 /* Sources */,
				4CC7138B1950727400E42E34 /* Frameworks */,
				4CC7138C1950727400E42E34 /* Resources */,
			);
			buildRules = (
			);
			dependencies = (
				4CC713901950727400E42E34 /* PBXTargetDependency */,
			);
			name = ZAppTests;
			productName = ZAppTests;
			productReference = 4CC7138E1950727400E42E34 /* ZAppTests.xctest */;
			productType = "com.apple.product-type.bundle.unit-test";
		};
/* End PBXNativeTarget section */

/* Begin PBXProject section */
		4CC713741950727400E42E34 /* Project object */ = {
			isa = PBXProject;
			attributes = {
				LastUpgradeCheck = 0600;
				ORGANIZATIONNAME = AgileZone;
				TargetAttributes = {
					4CC34A13195AF11C0019977D = {
						CreatedOnToolsVersion = 6.0;
					};
					4CC34A1D195AF11C0019977D = {
						CreatedOnToolsVersion = 6.0;
						TestTargetID = 4CC34A13195AF11C0019977D;
					};
					4CC7137B1950727400E42E34 = {
						CreatedOnToolsVersion = 6.0;
					};
					4CC7138D1950727400E42E34 = {
						CreatedOnToolsVersion = 6.0;
						TestTargetID = 4CC7137B1950727400E42E34;
					};
				};
			};
			buildConfigurationList = 4CC713771950727400E42E34 /* Build configuration list for PBXProject "ZApp" */;
			compatibilityVersion = "Xcode 3.2";
			developmentRegion = English;
			hasScannedForEncodings = 0;
			knownRegions = (
				en,
				Base,
			);
			mainGroup = 4CC713731950727400E42E34;
			productRefGroup = 4CC7137D1950727400E42E34 /* Products */;
			projectDirPath = "";
			projectRoot = "";
			targets = (
				4CC7137B1950727400E42E34 /* ZApp */,
				4CC7138D1950727400E42E34 /* ZAppTests */,
				4CC34A13195AF11C0019977D /* CustomView */,
				4CC34A1D195AF11C0019977D /* CustomViewTests */,
			);
		};
/* End PBXProject section */

/* Begin PBXResourcesBuildPhase section */
		4CC34A12195AF11C0019977D /* Resources */ = {
			isa = PBXResourcesBuildPhase;
			buildActionMask = 2147483647;
			files = (
			);
			runOnlyForDeploymentPostprocessing = 0;
		};
		4CC34A1C195AF11C0019977D /* Resources */ = {
			isa = PBXResourcesBuildPhase;
			buildActionMask = 2147483647;
			files = (
			);
			runOnlyForDeploymentPostprocessing = 0;
		};
		4CC7137A1950727400E42E34 /* Resources */ = {
			isa = PBXResourcesBuildPhase;
			buildActionMask = 2147483647;
			files = (
				4CC713871950727400E42E34 /* Main.storyboard in Resources */,
				3E3DA766195C911B0061D401 /* sampleData.json in Resources */,
				4CC713891950727400E42E34 /* Images.xcassets in Resources */,
			);
			runOnlyForDeploymentPostprocessing = 0;
		};
		4CC7138C1950727400E42E34 /* Resources */ = {
			isa = PBXResourcesBuildPhase;
			buildActionMask = 2147483647;
			files = (
			);
			runOnlyForDeploymentPostprocessing = 0;
		};
/* End PBXResourcesBuildPhase section */

/* Begin PBXSourcesBuildPhase section */
		4CC34A0F195AF11C0019977D /* Sources */ = {
			isa = PBXSourcesBuildPhase;
			buildActionMask = 2147483647;
			files = (
			);
			runOnlyForDeploymentPostprocessing = 0;
		};
		4CC34A1A195AF11C0019977D /* Sources */ = {
			isa = PBXSourcesBuildPhase;
			buildActionMask = 2147483647;
			files = (
				4CC34A26195AF11C0019977D /* CustomViewTests.swift in Sources */,
			);
			runOnlyForDeploymentPostprocessing = 0;
		};
		4CC713781950727400E42E34 /* Sources */ = {
			isa = PBXSourcesBuildPhase;
			buildActionMask = 2147483647;
			files = (
				4C5023C6195C695F00D3EDBB /* SDWebImageDownloader.m in Sources */,
				3EB3EBDD19600EA10026720B /* HomeComponent.swift in Sources */,
				4C2EC4591959A616002A7CF7 /* AFURLRequestSerialization.m in Sources */,
				4C2EC4581959A616002A7CF7 /* AFURLConnectionOperation.m in Sources */,
				4C5023C9195C695F00D3EDBB /* SDWebImagePrefetcher.m in Sources */,
				4C5023D0195C695F00D3EDBB /* UIView+WebCacheOperation.m in Sources */,
				4C2EC4571959A616002A7CF7 /* AFSecurityPolicy.m in Sources */,
				4CC34A0E195AEE310019977D /* HomeBasicWidget.swift in Sources */,
				4C5023CC195C695F00D3EDBB /* UIImage+MultiFormat.m in Sources */,
				4C5023CD195C695F00D3EDBB /* UIImage+WebP.m in Sources */,
				4C2EC4531959A616002A7CF7 /* AFHTTPRequestOperation.m in Sources */,
				4C34FEFB195C68930016F212 /* UserViewController.swift in Sources */,
				4C5023CF195C695F00D3EDBB /* UIImageView+WebCache.m in Sources */,
				3ED44912195A921E002E4C0B /* ZProduct.swift in Sources */,
				4C2EC45B1959A616002A7CF7 /* AFURLSessionManager.m in Sources */,
				4C34FEF7195C688C0016F212 /* SplitMenuWidget.swift in Sources */,
				4C2EC45A1959A616002A7CF7 /* AFURLResponseSerialization.m in Sources */,
				4C2EC43E1959A56F002A7CF7 /* AppDelegate.swift in Sources */,
				4C2EC4551959A616002A7CF7 /* AFHTTPSessionManager.m in Sources */,
				4C2EC4541959A616002A7CF7 /* AFHTTPRequestOperationManager.m in Sources */,
				4C5023C2195C695F00D3EDBB /* NSData+ImageContentType.m in Sources */,
				4C34FEFA195C68930016F212 /* CartViewController.swift in Sources */,
				4C2EC4561959A616002A7CF7 /* AFNetworkReachabilityManager.m in Sources */,
				4C5023C8195C695F00D3EDBB /* SDWebImageManager.m in Sources */,
				4C5023D5195C6B2800D3EDBB /* SplitMenuCell.swift in Sources */,
				4C5023C5195C695F00D3EDBB /* SDWebImageDecoder.m in Sources */,
				4C5023C7195C695F00D3EDBB /* SDWebImageDownloaderOperation.m in Sources */,
				4CC34A0B195AECA30019977D /* HomeViewController.swift in Sources */,
				4C2EC43C1959A569002A7CF7 /* ViewController.swift in Sources */,
				4C5023C1195C695F00D3EDBB /* MKAnnotationView+WebCache.m in Sources */,
				4C5023C4195C695F00D3EDBB /* SDWebImageCompat.m in Sources */,
				4C5023CA195C695F00D3EDBB /* UIButton+WebCache.m in Sources */,
				4C5023CE195C695F00D3EDBB /* UIImageView+HighlightedWebCache.m in Sources */,
				4C5023CB195C695F00D3EDBB /* UIImage+GIF.m in Sources */,
				4C5023C3195C695F00D3EDBB /* SDImageCache.m in Sources */,
			);
			runOnlyForDeploymentPostprocessing = 0;
		};
		4CC7138A1950727400E42E34 /* Sources */ = {
			isa = PBXSourcesBuildPhase;
			buildActionMask = 2147483647;
			files = (
				4CC713951950727400E42E34 /* ZAppTests.swift in Sources */,
			);
			runOnlyForDeploymentPostprocessing = 0;
		};
/* End PBXSourcesBuildPhase section */

/* Begin PBXTargetDependency section */
		4CBE880F195C10EF00327D73 /* PBXTargetDependency */ = {
			isa = PBXTargetDependency;
			target = 4CC34A13195AF11C0019977D /* CustomView */;
			targetProxy = 4CBE880E195C10EF00327D73 /* PBXContainerItemProxy */;
		};
		4CC34A21195AF11C0019977D /* PBXTargetDependency */ = {
			isa = PBXTargetDependency;
			target = 4CC34A13195AF11C0019977D /* CustomView */;
			targetProxy = 4CC34A20195AF11C0019977D /* PBXContainerItemProxy */;
		};
		4CC34A28195AF11C0019977D /* PBXTargetDependency */ = {
			isa = PBXTargetDependency;
			target = 4CC34A13195AF11C0019977D /* CustomView */;
			targetProxy = 4CC34A27195AF11C0019977D /* PBXContainerItemProxy */;
		};
		4CC34A2C195AF11C0019977D /* PBXTargetDependency */ = {
			isa = PBXTargetDependency;
			target = 4CC34A13195AF11C0019977D /* CustomView */;
			targetProxy = 4CC34A2B195AF11C0019977D /* PBXContainerItemProxy */;
		};
		4CC34A35195AF11D0019977D /* PBXTargetDependency */ = {
			isa = PBXTargetDependency;
			target = 4CC34A13195AF11C0019977D /* CustomView */;
			targetProxy = 4CC34A34195AF11D0019977D /* PBXContainerItemProxy */;
		};
		4CC34A37195AF11D0019977D /* PBXTargetDependency */ = {
			isa = PBXTargetDependency;
			target = 4CC34A13195AF11C0019977D /* CustomView */;
			targetProxy = 4CC34A36195AF11D0019977D /* PBXContainerItemProxy */;
		};
		4CC34A39195AF11E0019977D /* PBXTargetDependency */ = {
			isa = PBXTargetDependency;
			target = 4CC34A13195AF11C0019977D /* CustomView */;
			targetProxy = 4CC34A38195AF11E0019977D /* PBXContainerItemProxy */;
		};
		4CC713901950727400E42E34 /* PBXTargetDependency */ = {
			isa = PBXTargetDependency;
			target = 4CC7137B1950727400E42E34 /* ZApp */;
			targetProxy = 4CC7138F1950727400E42E34 /* PBXContainerItemProxy */;
		};
/* End PBXTargetDependency section */

/* Begin PBXVariantGroup section */
		4CC713851950727400E42E34 /* Main.storyboard */ = {
			isa = PBXVariantGroup;
			children = (
				4CC713861950727400E42E34 /* Base */,
			);
			name = Main.storyboard;
			sourceTree = "<group>";
		};
/* End PBXVariantGroup section */

/* Begin XCBuildConfiguration section */
		4CC34A2E195AF11C0019977D /* Debug */ = {
			isa = XCBuildConfiguration;
			buildSettings = {
				CURRENT_PROJECT_VERSION = 1;
				DEFINES_MODULE = YES;
				DYLIB_COMPATIBILITY_VERSION = 1;
				DYLIB_CURRENT_VERSION = 1;
				DYLIB_INSTALL_NAME_BASE = "@rpath";
				GCC_PREPROCESSOR_DEFINITIONS = (
					"DEBUG=1",
					"$(inherited)",
				);
				INFOPLIST_FILE = CustomView/Info.plist;
				INSTALL_PATH = "$(LOCAL_LIBRARY_DIR)/Frameworks";
				LD_RUNPATH_SEARCH_PATHS = "$(inherited) @executable_path/Frameworks @loader_path/Frameworks";
				METAL_ENABLE_DEBUG_INFO = YES;
				PRODUCT_NAME = "$(TARGET_NAME)";
				SKIP_INSTALL = YES;
				VERSIONING_SYSTEM = "apple-generic";
				VERSION_INFO_PREFIX = "";
			};
			name = Debug;
		};
		4CC34A2F195AF11C0019977D /* Release */ = {
			isa = XCBuildConfiguration;
			buildSettings = {
				CURRENT_PROJECT_VERSION = 1;
				DEFINES_MODULE = YES;
				DYLIB_COMPATIBILITY_VERSION = 1;
				DYLIB_CURRENT_VERSION = 1;
				DYLIB_INSTALL_NAME_BASE = "@rpath";
				INFOPLIST_FILE = CustomView/Info.plist;
				INSTALL_PATH = "$(LOCAL_LIBRARY_DIR)/Frameworks";
				LD_RUNPATH_SEARCH_PATHS = "$(inherited) @executable_path/Frameworks @loader_path/Frameworks";
				METAL_ENABLE_DEBUG_INFO = NO;
				PRODUCT_NAME = "$(TARGET_NAME)";
				SKIP_INSTALL = YES;
				VERSIONING_SYSTEM = "apple-generic";
				VERSION_INFO_PREFIX = "";
			};
			name = Release;
		};
		4CC34A32195AF11C0019977D /* Debug */ = {
			isa = XCBuildConfiguration;
			buildSettings = {
				FRAMEWORK_SEARCH_PATHS = (
					"$(SDKROOT)/Developer/Library/Frameworks",
					"$(inherited)",
				);
				GCC_PREPROCESSOR_DEFINITIONS = (
					"DEBUG=1",
					"$(inherited)",
				);
				INFOPLIST_FILE = CustomViewTests/Info.plist;
				LD_RUNPATH_SEARCH_PATHS = "$(inherited) @executable_path/Frameworks @loader_path/Frameworks";
				METAL_ENABLE_DEBUG_INFO = YES;
				PRODUCT_NAME = "$(TARGET_NAME)";
			};
			name = Debug;
		};
		4CC34A33195AF11C0019977D /* Release */ = {
			isa = XCBuildConfiguration;
			buildSettings = {
				FRAMEWORK_SEARCH_PATHS = (
					"$(SDKROOT)/Developer/Library/Frameworks",
					"$(inherited)",
				);
				INFOPLIST_FILE = CustomViewTests/Info.plist;
				LD_RUNPATH_SEARCH_PATHS = "$(inherited) @executable_path/Frameworks @loader_path/Frameworks";
				METAL_ENABLE_DEBUG_INFO = NO;
				PRODUCT_NAME = "$(TARGET_NAME)";
			};
			name = Release;
		};
		4CC713961950727400E42E34 /* Debug */ = {
			isa = XCBuildConfiguration;
			buildSettings = {
				ALWAYS_SEARCH_USER_PATHS = NO;
				CLANG_CXX_LANGUAGE_STANDARD = "gnu++0x";
				CLANG_CXX_LIBRARY = "libc++";
				CLANG_ENABLE_MODULES = YES;
				CLANG_ENABLE_OBJC_ARC = YES;
				CLANG_WARN_BOOL_CONVERSION = YES;
				CLANG_WARN_CONSTANT_CONVERSION = YES;
				CLANG_WARN_DIRECT_OBJC_ISA_USAGE = YES_ERROR;
				CLANG_WARN_EMPTY_BODY = YES;
				CLANG_WARN_ENUM_CONVERSION = YES;
				CLANG_WARN_INT_CONVERSION = YES;
				CLANG_WARN_OBJC_ROOT_CLASS = YES_ERROR;
				CLANG_WARN_UNREACHABLE_CODE = YES;
				CLANG_WARN__DUPLICATE_METHOD_MATCH = YES;
				"CODE_SIGN_IDENTITY[sdk=iphoneos*]" = "iPhone Developer";
				COPY_PHASE_STRIP = NO;
				ENABLE_STRICT_OBJC_MSGSEND = YES;
				GCC_C_LANGUAGE_STANDARD = gnu99;
				GCC_DYNAMIC_NO_PIC = NO;
				GCC_OPTIMIZATION_LEVEL = 0;
				GCC_PREPROCESSOR_DEFINITIONS = (
					"DEBUG=1",
					"$(inherited)",
				);
				GCC_SYMBOLS_PRIVATE_EXTERN = NO;
				GCC_WARN_64_TO_32_BIT_CONVERSION = YES;
				GCC_WARN_ABOUT_RETURN_TYPE = YES_ERROR;
				GCC_WARN_UNDECLARED_SELECTOR = YES;
				GCC_WARN_UNINITIALIZED_AUTOS = YES_AGGRESSIVE;
				GCC_WARN_UNUSED_FUNCTION = YES;
				GCC_WARN_UNUSED_VARIABLE = YES;
				IPHONEOS_DEPLOYMENT_TARGET = 8.0;
				METAL_ENABLE_DEBUG_INFO = YES;
				ONLY_ACTIVE_ARCH = YES;
				SDKROOT = iphoneos;
				SWIFT_OPTIMIZATION_LEVEL = "-Onone";
				TARGETED_DEVICE_FAMILY = "1,2";
			};
			name = Debug;
		};
		4CC713971950727400E42E34 /* Release */ = {
			isa = XCBuildConfiguration;
			buildSettings = {
				ALWAYS_SEARCH_USER_PATHS = NO;
				CLANG_CXX_LANGUAGE_STANDARD = "gnu++0x";
				CLANG_CXX_LIBRARY = "libc++";
				CLANG_ENABLE_MODULES = YES;
				CLANG_ENABLE_OBJC_ARC = YES;
				CLANG_WARN_BOOL_CONVERSION = YES;
				CLANG_WARN_CONSTANT_CONVERSION = YES;
				CLANG_WARN_DIRECT_OBJC_ISA_USAGE = YES_ERROR;
				CLANG_WARN_EMPTY_BODY = YES;
				CLANG_WARN_ENUM_CONVERSION = YES;
				CLANG_WARN_INT_CONVERSION = YES;
				CLANG_WARN_OBJC_ROOT_CLASS = YES_ERROR;
				CLANG_WARN_UNREACHABLE_CODE = YES;
				CLANG_WARN__DUPLICATE_METHOD_MATCH = YES;
				"CODE_SIGN_IDENTITY[sdk=iphoneos*]" = "iPhone Developer";
				COPY_PHASE_STRIP = YES;
				ENABLE_NS_ASSERTIONS = NO;
				ENABLE_STRICT_OBJC_MSGSEND = YES;
				GCC_C_LANGUAGE_STANDARD = gnu99;
				GCC_WARN_64_TO_32_BIT_CONVERSION = YES;
				GCC_WARN_ABOUT_RETURN_TYPE = YES_ERROR;
				GCC_WARN_UNDECLARED_SELECTOR = YES;
				GCC_WARN_UNINITIALIZED_AUTOS = YES_AGGRESSIVE;
				GCC_WARN_UNUSED_FUNCTION = YES;
				GCC_WARN_UNUSED_VARIABLE = YES;
				IPHONEOS_DEPLOYMENT_TARGET = 8.0;
				METAL_ENABLE_DEBUG_INFO = NO;
				SDKROOT = iphoneos;
				TARGETED_DEVICE_FAMILY = "1,2";
				VALIDATE_PRODUCT = YES;
			};
			name = Release;
		};
		4CC713991950727400E42E34 /* Debug */ = {
			isa = XCBuildConfiguration;
			buildSettings = {
				ASSETCATALOG_COMPILER_APPICON_NAME = AppIcon;
				ASSETCATALOG_COMPILER_LAUNCHIMAGE_NAME = LaunchImage;
				INFOPLIST_FILE = ZApp/Info.plist;
				IPHONEOS_DEPLOYMENT_TARGET = 6.0;
				LD_RUNPATH_SEARCH_PATHS = "$(inherited) @executable_path/Frameworks";
				PRODUCT_NAME = "$(TARGET_NAME)";
				SWIFT_OBJC_BRIDGING_HEADER = "ZApp/src/Header/ZApp-Bridging-Header.h";
				"SWIFT_OBJC_BRIDGING_HEADER[arch=*]" = "ZApp/src/Header/ZApp-Bridging-Header.h";
				TARGETED_DEVICE_FAMILY = 1;
			};
			name = Debug;
		};
		4CC7139A1950727400E42E34 /* Release */ = {
			isa = XCBuildConfiguration;
			buildSettings = {
				ASSETCATALOG_COMPILER_APPICON_NAME = AppIcon;
				ASSETCATALOG_COMPILER_LAUNCHIMAGE_NAME = LaunchImage;
				INFOPLIST_FILE = ZApp/Info.plist;
				IPHONEOS_DEPLOYMENT_TARGET = 6.0;
				LD_RUNPATH_SEARCH_PATHS = "$(inherited) @executable_path/Frameworks";
				PRODUCT_NAME = "$(TARGET_NAME)";
				SWIFT_OBJC_BRIDGING_HEADER = "ZApp/src/Header/ZApp-Bridging-Header.h";
				TARGETED_DEVICE_FAMILY = 1;
			};
			name = Release;
		};
		4CC7139C1950727400E42E34 /* Debug */ = {
			isa = XCBuildConfiguration;
			buildSettings = {
				BUNDLE_LOADER = "$(BUILT_PRODUCTS_DIR)/ZApp.app/ZApp";
				FRAMEWORK_SEARCH_PATHS = (
					"$(SDKROOT)/Developer/Library/Frameworks",
					"$(inherited)",
				);
				GCC_PREPROCESSOR_DEFINITIONS = (
					"DEBUG=1",
					"$(inherited)",
				);
				INFOPLIST_FILE = ZAppTests/Info.plist;
				LD_RUNPATH_SEARCH_PATHS = "$(inherited) @executable_path/Frameworks @loader_path/Frameworks";
				METAL_ENABLE_DEBUG_INFO = YES;
				PRODUCT_NAME = "$(TARGET_NAME)";
				TEST_HOST = "$(BUNDLE_LOADER)";
			};
			name = Debug;
		};
		4CC7139D1950727400E42E34 /* Release */ = {
			isa = XCBuildConfiguration;
			buildSettings = {
				BUNDLE_LOADER = "$(BUILT_PRODUCTS_DIR)/ZApp.app/ZApp";
				FRAMEWORK_SEARCH_PATHS = (
					"$(SDKROOT)/Developer/Library/Frameworks",
					"$(inherited)",
				);
				INFOPLIST_FILE = ZAppTests/Info.plist;
				LD_RUNPATH_SEARCH_PATHS = "$(inherited) @executable_path/Frameworks @loader_path/Frameworks";
				METAL_ENABLE_DEBUG_INFO = NO;
				PRODUCT_NAME = "$(TARGET_NAME)";
				TEST_HOST = "$(BUNDLE_LOADER)";
			};
			name = Release;
		};
/* End XCBuildConfiguration section */

/* Begin XCConfigurationList section */
		4CC34A2D195AF11C0019977D /* Build configuration list for PBXNativeTarget "CustomView" */ = {
			isa = XCConfigurationList;
			buildConfigurations = (
				4CC34A2E195AF11C0019977D /* Debug */,
				4CC34A2F195AF11C0019977D /* Release */,
			);
			defaultConfigurationIsVisible = 0;
			defaultConfigurationName = Release;
		};
		4CC34A31195AF11C0019977D /* Build configuration list for PBXNativeTarget "CustomViewTests" */ = {
			isa = XCConfigurationList;
			buildConfigurations = (
				4CC34A32195AF11C0019977D /* Debug */,
				4CC34A33195AF11C0019977D /* Release */,
			);
			defaultConfigurationIsVisible = 0;
			defaultConfigurationName = Release;
		};
		4CC713771950727400E42E34 /* Build configuration list for PBXProject "ZApp" */ = {
			isa = XCConfigurationList;
			buildConfigurations = (
				4CC713961950727400E42E34 /* Debug */,
				4CC713971950727400E42E34 /* Release */,
			);
			defaultConfigurationIsVisible = 0;
			defaultConfigurationName = Release;
		};
		4CC713981950727400E42E34 /* Build configuration list for PBXNativeTarget "ZApp" */ = {
			isa = XCConfigurationList;
			buildConfigurations = (
				4CC713991950727400E42E34 /* Debug */,
				4CC7139A1950727400E42E34 /* Release */,
			);
			defaultConfigurationIsVisible = 0;
			defaultConfigurationName = Release;
		};
		4CC7139B1950727400E42E34 /* Build configuration list for PBXNativeTarget "ZAppTests" */ = {
			isa = XCConfigurationList;
			buildConfigurations = (
				4CC7139C1950727400E42E34 /* Debug */,
				4CC7139D1950727400E42E34 /* Release */,
			);
			defaultConfigurationIsVisible = 0;
			defaultConfigurationName = Release;
		};
/* End XCConfigurationList section */
	};
	rootObject = 4CC713741950727400E42E34 /* Project object */;
}
